
Microsoft Visual Studio Solution File, Format Version 12.00
# Visual Studio Version 16
VisualStudioVersion = 16.0.32106.194
MinimumVisualStudioVersion = 10.0.40219.1
Project("{FAE04EC0-301F-11D3-BF4B-00C04F79EFBC}") = "Quest", "Quest\Quest.csproj", "{EDA4DC6C-62DF-40AB-9054-E39651065696}"
EndProject
Global
	GlobalSection(SolutionConfigurationPlatforms) = preSolution
		Debug|Any CPU = Debug|Any CPU
		Release|Any CPU = Release|Any CPU
	EndGlobalSection
	GlobalSection(ProjectConfigurationPlatforms) = postSolution
		{EDA4DC6C-62DF-40AB-9054-E39651065696}.Debug|Any CPU.ActiveCfg = Debug|Any CPU
		{EDA4DC6C-62DF-40AB-9054-E39651065696}.Debug|Any CPU.Build.0 = Debug|Any CPU
		{EDA4DC6C-62DF-40AB-9054-E39651065696}.Release|Any CPU.ActiveCfg = Release|Any CPU
		{EDA4DC6C-62DF-40AB-9054-E39651065696}.Release|Any CPU.Build.0 = Release|Any CPU
	EndGlobalSection
	GlobalSection(SolutionProperties) = preSolution
		HideSolutionNode = FALSE
	EndGlobalSection
	GlobalSection(ExtensibilityGlobals) = postSolution
		SolutionGuid = {4F2B2C4D-C736-4DE2-AE24-20A471CBF4E5}
	EndGlobalSection
EndGlobal
